{
  "name": "swiss-pairing",
  "version": "1.4.3",
  "lockfileVersion": 2,
  "requires": true,
  "packages": {
    "": {
      "name": "swiss-pairing",
      "version": "1.4.3",
      "license": "MIT",
      "dependencies": {
        "edmonds-blossom": "^1.0.0"
      }
    },
    "node_modules/edmonds-blossom": {
      "version": "1.0.0",
      "resolved": "https://registry.npmjs.org/edmonds-blossom/-/edmonds-blossom-1.0.0.tgz",
      "integrity": "sha1-6TcnO9PL4ScQtmhG4eW1CGvfH5c="
    }
  },
  "dependencies": {
    "edmonds-blossom": {
      "version": "1.0.0",
      "resolved": "https://registry.npmjs.org/edmonds-blossom/-/edmonds-blossom-1.0.0.tgz",
      "integrity": "sha1-6TcnO9PL4ScQtmhG4eW1CGvfH5c="
    }
  }
}
