{
  "name": "swiss-pairing",
  "version": "1.0.4",
  "lockfileVersion": 1,
  "dependencies": {
    "edmonds-blossom": {
      "version": "1.0.0",
      "resolved": "https://registry.npmjs.org/edmonds-blossom/-/edmonds-blossom-1.0.0.tgz",
      "integrity": "sha1-6TcnO9PL4ScQtmhG4eW1CGvfH5c="
    }
  }
}
